
Microsoft Visual Studio Solution File, Format Version 12.00
# Visual Studio Version 17
VisualStudioVersion = 17.0.31903.59
MinimumVisualStudioVersion = 10.0.40219.1
Project("{FAE04EC0-301F-11D3-BF4B-00C04F79EFBC}") = "API", "API\API.csproj", "{FCBEAE1F-9B24-4E44-A6E1-A62109454021}"
EndProject
Project("{FAE04EC0-301F-11D3-BF4B-00C04F79EFBC}") = "Persistence", "Persistence\Persistence.csproj", "{1CB3A8E7-1E55-43C3-9B96-DFB329F3D931}"
EndProject
Project("{FAE04EC0-301F-11D3-BF4B-00C04F79EFBC}") = "Domain", "Domain\Domain.csproj", "{2FCDA2E3-9398-432B-95B8-C35EB3BB78BE}"
EndProject
Project("{FAE04EC0-301F-11D3-BF4B-00C04F79EFBC}") = "Application", "Application\Application.csproj", "{F49CF286-6D54-4ABE-B5BA-CC709B13B2F1}"
EndProject
Global
	GlobalSection(SolutionConfigurationPlatforms) = preSolution
		Debug|Any CPU = Debug|Any CPU
		Debug|x64 = Debug|x64
		Debug|x86 = Debug|x86
		Release|Any CPU = Release|Any CPU
		Release|x64 = Release|x64
		Release|x86 = Release|x86
	EndGlobalSection
	GlobalSection(ProjectConfigurationPlatforms) = postSolution
		{FCBEAE1F-9B24-4E44-A6E1-A62109454021}.Debug|Any CPU.ActiveCfg = Debug|Any CPU
		{FCBEAE1F-9B24-4E44-A6E1-A62109454021}.Debug|Any CPU.Build.0 = Debug|Any CPU
		{FCBEAE1F-9B24-4E44-A6E1-A62109454021}.Debug|x64.ActiveCfg = Debug|Any CPU
		{FCBEAE1F-9B24-4E44-A6E1-A62109454021}.Debug|x64.Build.0 = Debug|Any CPU
		{FCBEAE1F-9B24-4E44-A6E1-A62109454021}.Debug|x86.ActiveCfg = Debug|Any CPU
		{FCBEAE1F-9B24-4E44-A6E1-A62109454021}.Debug|x86.Build.0 = Debug|Any CPU
		{FCBEAE1F-9B24-4E44-A6E1-A62109454021}.Release|Any CPU.ActiveCfg = Release|Any CPU
		{FCBEAE1F-9B24-4E44-A6E1-A62109454021}.Release|Any CPU.Build.0 = Release|Any CPU
		{FCBEAE1F-9B24-4E44-A6E1-A62109454021}.Release|x64.ActiveCfg = Release|Any CPU
		{FCBEAE1F-9B24-4E44-A6E1-A62109454021}.Release|x64.Build.0 = Release|Any CPU
		{FCBEAE1F-9B24-4E44-A6E1-A62109454021}.Release|x86.ActiveCfg = Release|Any CPU
		{FCBEAE1F-9B24-4E44-A6E1-A62109454021}.Release|x86.Build.0 = Release|Any CPU
		{1CB3A8E7-1E55-43C3-9B96-DFB329F3D931}.Debug|Any CPU.ActiveCfg = Debug|Any CPU
		{1CB3A8E7-1E55-43C3-9B96-DFB329F3D931}.Debug|Any CPU.Build.0 = Debug|Any CPU
		{1CB3A8E7-1E55-43C3-9B96-DFB329F3D931}.Debug|x64.ActiveCfg = Debug|Any CPU
		{1CB3A8E7-1E55-43C3-9B96-DFB329F3D931}.Debug|x64.Build.0 = Debug|Any CPU
		{1CB3A8E7-1E55-43C3-9B96-DFB329F3D931}.Debug|x86.ActiveCfg = Debug|Any CPU
		{1CB3A8E7-1E55-43C3-9B96-DFB329F3D931}.Debug|x86.Build.0 = Debug|Any CPU
		{1CB3A8E7-1E55-43C3-9B96-DFB329F3D931}.Release|Any CPU.ActiveCfg = Release|Any CPU
		{1CB3A8E7-1E55-43C3-9B96-DFB329F3D931}.Release|Any CPU.Build.0 = Release|Any CPU
		{1CB3A8E7-1E55-43C3-9B96-DFB329F3D931}.Release|x64.ActiveCfg = Release|Any CPU
		{1CB3A8E7-1E55-43C3-9B96-DFB329F3D931}.Release|x64.Build.0 = Release|Any CPU
		{1CB3A8E7-1E55-43C3-9B96-DFB329F3D931}.Release|x86.ActiveCfg = Release|Any CPU
		{1CB3A8E7-1E55-43C3-9B96-DFB329F3D931}.Release|x86.Build.0 = Release|Any CPU
		{2FCDA2E3-9398-432B-95B8-C35EB3BB78BE}.Debug|Any CPU.ActiveCfg = Debug|Any CPU
		{2FCDA2E3-9398-432B-95B8-C35EB3BB78BE}.Debug|Any CPU.Build.0 = Debug|Any CPU
		{2FCDA2E3-9398-432B-95B8-C35EB3BB78BE}.Debug|x64.ActiveCfg = Debug|Any CPU
		{2FCDA2E3-9398-432B-95B8-C35EB3BB78BE}.Debug|x64.Build.0 = Debug|Any CPU
		{2FCDA2E3-9398-432B-95B8-C35EB3BB78BE}.Debug|x86.ActiveCfg = Debug|Any CPU
		{2FCDA2E3-9398-432B-95B8-C35EB3BB78BE}.Debug|x86.Build.0 = Debug|Any CPU
		{2FCDA2E3-9398-432B-95B8-C35EB3BB78BE}.Release|Any CPU.ActiveCfg = Release|Any CPU
		{2FCDA2E3-9398-432B-95B8-C35EB3BB78BE}.Release|Any CPU.Build.0 = Release|Any CPU
		{2FCDA2E3-9398-432B-95B8-C35EB3BB78BE}.Release|x64.ActiveCfg = Release|Any CPU
		{2FCDA2E3-9398-432B-95B8-C35EB3BB78BE}.Release|x64.Build.0 = Release|Any CPU
		{2FCDA2E3-9398-432B-95B8-C35EB3BB78BE}.Release|x86.ActiveCfg = Release|Any CPU
		{2FCDA2E3-9398-432B-95B8-C35EB3BB78BE}.Release|x86.Build.0 = Release|Any CPU
		{F49CF286-6D54-4ABE-B5BA-CC709B13B2F1}.Debug|Any CPU.ActiveCfg = Debug|Any CPU
		{F49CF286-6D54-4ABE-B5BA-CC709B13B2F1}.Debug|Any CPU.Build.0 = Debug|Any CPU
		{F49CF286-6D54-4ABE-B5BA-CC709B13B2F1}.Debug|x64.ActiveCfg = Debug|Any CPU
		{F49CF286-6D54-4ABE-B5BA-CC709B13B2F1}.Debug|x64.Build.0 = Debug|Any CPU
		{F49CF286-6D54-4ABE-B5BA-CC709B13B2F1}.Debug|x86.ActiveCfg = Debug|Any CPU
		{F49CF286-6D54-4ABE-B5BA-CC709B13B2F1}.Debug|x86.Build.0 = Debug|Any CPU
		{F49CF286-6D54-4ABE-B5BA-CC709B13B2F1}.Release|Any CPU.ActiveCfg = Release|Any CPU
		{F49CF286-6D54-4ABE-B5BA-CC709B13B2F1}.Release|Any CPU.Build.0 = Release|Any CPU
		{F49CF286-6D54-4ABE-B5BA-CC709B13B2F1}.Release|x64.ActiveCfg = Release|Any CPU
		{F49CF286-6D54-4ABE-B5BA-CC709B13B2F1}.Release|x64.Build.0 = Release|Any CPU
		{F49CF286-6D54-4ABE-B5BA-CC709B13B2F1}.Release|x86.ActiveCfg = Release|Any CPU
		{F49CF286-6D54-4ABE-B5BA-CC709B13B2F1}.Release|x86.Build.0 = Release|Any CPU
	EndGlobalSection
	GlobalSection(SolutionProperties) = preSolution
		HideSolutionNode = FALSE
	EndGlobalSection
EndGlobal
